
Microsoft Visual Studio Solution File, Format Version 12.00
# Visual Studio 15
VisualStudioVersion = 15.0.27004.2005
MinimumVisualStudioVersion = 10.0.40219.1
Project("{9A19103F-16F7-4668-BE54-9A1E7A4F7556}") = "ConsoleAppjeMaandag", "ConsoleAppjeMaandag\ConsoleAppjeMaandag.csproj", "{287C6373-6240-4918-BFF8-3219B14E9737}"
EndProject
Project("{9A19103F-16F7-4668-BE54-9A1E7A4F7556}") = "WebAppjeMaandag", "WebAppjeMaandag\WebAppjeMaandag.csproj", "{A9561F9D-E343-4565-B9F9-24F98F35AEA4}"
EndProject
Project("{FAE04EC0-301F-11D3-BF4B-00C04F79EFBC}") = "HotelKamers", "HotelKamers\HotelKamers.csproj", "{34FDA07A-AF5D-452B-B0D5-E84E3EE999DC}"
EndProject
Global
	GlobalSection(SolutionConfigurationPlatforms) = preSolution
		Debug|Any CPU = Debug|Any CPU
		Release|Any CPU = Release|Any CPU
	EndGlobalSection
	GlobalSection(ProjectConfigurationPlatforms) = postSolution
		{287C6373-6240-4918-BFF8-3219B14E9737}.Debug|Any CPU.ActiveCfg = Debug|Any CPU
		{287C6373-6240-4918-BFF8-3219B14E9737}.Debug|Any CPU.Build.0 = Debug|Any CPU
		{287C6373-6240-4918-BFF8-3219B14E9737}.Release|Any CPU.ActiveCfg = Release|Any CPU
		{287C6373-6240-4918-BFF8-3219B14E9737}.Release|Any CPU.Build.0 = Release|Any CPU
		{A9561F9D-E343-4565-B9F9-24F98F35AEA4}.Debug|Any CPU.ActiveCfg = Debug|Any CPU
		{A9561F9D-E343-4565-B9F9-24F98F35AEA4}.Debug|Any CPU.Build.0 = Debug|Any CPU
		{A9561F9D-E343-4565-B9F9-24F98F35AEA4}.Release|Any CPU.ActiveCfg = Release|Any CPU
		{A9561F9D-E343-4565-B9F9-24F98F35AEA4}.Release|Any CPU.Build.0 = Release|Any CPU
		{34FDA07A-AF5D-452B-B0D5-E84E3EE999DC}.Debug|Any CPU.ActiveCfg = Debug|Any CPU
		{34FDA07A-AF5D-452B-B0D5-E84E3EE999DC}.Debug|Any CPU.Build.0 = Debug|Any CPU
		{34FDA07A-AF5D-452B-B0D5-E84E3EE999DC}.Release|Any CPU.ActiveCfg = Release|Any CPU
		{34FDA07A-AF5D-452B-B0D5-E84E3EE999DC}.Release|Any CPU.Build.0 = Release|Any CPU
	EndGlobalSection
	GlobalSection(SolutionProperties) = preSolution
		HideSolutionNode = FALSE
	EndGlobalSection
	GlobalSection(ExtensibilityGlobals) = postSolution
		SolutionGuid = {57B23C0D-05B1-41F3-8EC8-0A1DA031CCB7}
	EndGlobalSection
EndGlobal
